
Microsoft Visual Studio Solution File, Format Version 12.00
# Visual Studio Version 17
VisualStudioVersion = 17.2.32519.379
MinimumVisualStudioVersion = 10.0.40219.1
Project("{FAE04EC0-301F-11D3-BF4B-00C04F79EFBC}") = "Sender", "Sender\Sender.csproj", "{381E6C15-56B7-459E-8486-BEAC518645B5}"
EndProject
Project("{FAE04EC0-301F-11D3-BF4B-00C04F79EFBC}") = "Receiver", "Receiver\Receiver.csproj", "{C073A1D0-6AF5-41A5-B16C-A887F8A18A5F}"
EndProject
Global
	GlobalSection(SolutionConfigurationPlatforms) = preSolution
		Debug|Any CPU = Debug|Any CPU
		Release|Any CPU = Release|Any CPU
	EndGlobalSection
	GlobalSection(ProjectConfigurationPlatforms) = postSolution
		{381E6C15-56B7-459E-8486-BEAC518645B5}.Debug|Any CPU.ActiveCfg = Debug|Any CPU
		{381E6C15-56B7-459E-8486-BEAC518645B5}.Debug|Any CPU.Build.0 = Debug|Any CPU
		{381E6C15-56B7-459E-8486-BEAC518645B5}.Release|Any CPU.ActiveCfg = Release|Any CPU
		{381E6C15-56B7-459E-8486-BEAC518645B5}.Release|Any CPU.Build.0 = Release|Any CPU
		{C073A1D0-6AF5-41A5-B16C-A887F8A18A5F}.Debug|Any CPU.ActiveCfg = Debug|Any CPU
		{C073A1D0-6AF5-41A5-B16C-A887F8A18A5F}.Debug|Any CPU.Build.0 = Debug|Any CPU
		{C073A1D0-6AF5-41A5-B16C-A887F8A18A5F}.Release|Any CPU.ActiveCfg = Release|Any CPU
		{C073A1D0-6AF5-41A5-B16C-A887F8A18A5F}.Release|Any CPU.Build.0 = Release|Any CPU
	EndGlobalSection
	GlobalSection(SolutionProperties) = preSolution
		HideSolutionNode = FALSE
	EndGlobalSection
	GlobalSection(ExtensibilityGlobals) = postSolution
		SolutionGuid = {A7BAAF8D-491A-4CC0-9F36-505810E686ED}
	EndGlobalSection
EndGlobal
